
Microsoft Visual Studio Solution File, Format Version 12.00
# Visual Studio Version 16
VisualStudioVersion = 16.0.31424.327
MinimumVisualStudioVersion = 10.0.40219.1
Project("{FAE04EC0-301F-11D3-BF4B-00C04F79EFBC}") = "UnitTest", "..\Unit-Test\UnitTest.csproj", "{0716FF4F-58C5-421B-A5ED-CC70CD00C620}"
EndProject
Project("{FAE04EC0-301F-11D3-BF4B-00C04F79EFBC}") = "SourceCode", "..\SourceCode\SourceCode.csproj", "{1F45CBA1-5FF7-4533-A79F-03747D4590A7}"
EndProject
Project("{FAE04EC0-301F-11D3-BF4B-00C04F79EFBC}") = "EssentialTrainingApp", "..\EssentialTrainingApp\EssentialTrainingApp.csproj", "{F1ED63DD-E7D9-4764-8053-6BDA45246D9E}"
EndProject
Global
	GlobalSection(SolutionConfigurationPlatforms) = preSolution
		Debug|Any CPU = Debug|Any CPU
		Release|Any CPU = Release|Any CPU
	EndGlobalSection
	GlobalSection(ProjectConfigurationPlatforms) = postSolution
		{0716FF4F-58C5-421B-A5ED-CC70CD00C620}.Debug|Any CPU.ActiveCfg = Debug|Any CPU
		{0716FF4F-58C5-421B-A5ED-CC70CD00C620}.Debug|Any CPU.Build.0 = Debug|Any CPU
		{0716FF4F-58C5-421B-A5ED-CC70CD00C620}.Release|Any CPU.ActiveCfg = Release|Any CPU
		{0716FF4F-58C5-421B-A5ED-CC70CD00C620}.Release|Any CPU.Build.0 = Release|Any CPU
		{1F45CBA1-5FF7-4533-A79F-03747D4590A7}.Debug|Any CPU.ActiveCfg = Debug|Any CPU
		{1F45CBA1-5FF7-4533-A79F-03747D4590A7}.Debug|Any CPU.Build.0 = Debug|Any CPU
		{1F45CBA1-5FF7-4533-A79F-03747D4590A7}.Release|Any CPU.ActiveCfg = Release|Any CPU
		{1F45CBA1-5FF7-4533-A79F-03747D4590A7}.Release|Any CPU.Build.0 = Release|Any CPU
		{F1ED63DD-E7D9-4764-8053-6BDA45246D9E}.Debug|Any CPU.ActiveCfg = Debug|Any CPU
		{F1ED63DD-E7D9-4764-8053-6BDA45246D9E}.Debug|Any CPU.Build.0 = Debug|Any CPU
		{F1ED63DD-E7D9-4764-8053-6BDA45246D9E}.Release|Any CPU.ActiveCfg = Release|Any CPU
		{F1ED63DD-E7D9-4764-8053-6BDA45246D9E}.Release|Any CPU.Build.0 = Release|Any CPU
	EndGlobalSection
	GlobalSection(SolutionProperties) = preSolution
		HideSolutionNode = FALSE
	EndGlobalSection
	GlobalSection(ExtensibilityGlobals) = postSolution
		SolutionGuid = {85E7A571-AAE8-4243-A897-89B19D385CBE}
	EndGlobalSection
EndGlobal
